
Microsoft Visual Studio Solution File, Format Version 12.00
# Visual Studio Version 16
VisualStudioVersion = 16.0.31321.278
MinimumVisualStudioVersion = 10.0.40219.1
Project("{9A19103F-16F7-4668-BE54-9A1E7A4F7556}") = "ProgramLibrary", "ProgramLibrary\ProgramLibrary.csproj", "{D5B167BB-675C-4FF6-984F-308392567383}"
EndProject
Project("{9A19103F-16F7-4668-BE54-9A1E7A4F7556}") = "ARToolzUI", "ARToolzUI\ARToolzUI.csproj", "{A35D399F-DB3E-4CB4-9146-15E37F0579B1}"
EndProject
Global
	GlobalSection(SolutionConfigurationPlatforms) = preSolution
		Debug|Any CPU = Debug|Any CPU
		Release|Any CPU = Release|Any CPU
	EndGlobalSection
	GlobalSection(ProjectConfigurationPlatforms) = postSolution
		{D5B167BB-675C-4FF6-984F-308392567383}.Debug|Any CPU.ActiveCfg = Debug|Any CPU
		{D5B167BB-675C-4FF6-984F-308392567383}.Debug|Any CPU.Build.0 = Debug|Any CPU
		{D5B167BB-675C-4FF6-984F-308392567383}.Release|Any CPU.ActiveCfg = Release|Any CPU
		{D5B167BB-675C-4FF6-984F-308392567383}.Release|Any CPU.Build.0 = Release|Any CPU
		{A35D399F-DB3E-4CB4-9146-15E37F0579B1}.Debug|Any CPU.ActiveCfg = Debug|Any CPU
		{A35D399F-DB3E-4CB4-9146-15E37F0579B1}.Debug|Any CPU.Build.0 = Debug|Any CPU
		{A35D399F-DB3E-4CB4-9146-15E37F0579B1}.Release|Any CPU.ActiveCfg = Release|Any CPU
		{A35D399F-DB3E-4CB4-9146-15E37F0579B1}.Release|Any CPU.Build.0 = Release|Any CPU
	EndGlobalSection
	GlobalSection(SolutionProperties) = preSolution
		HideSolutionNode = FALSE
	EndGlobalSection
	GlobalSection(ExtensibilityGlobals) = postSolution
		SolutionGuid = {319225EE-D620-4BF7-ACC6-5BA6987A5905}
	EndGlobalSection
EndGlobal
